{
  "name": "hole-in-wall",
  "version": "0.0.1",
  "lockfileVersion": 1,
  "requires": true,
  "dependencies": {
    "@tensorflow-models/posenet": {
      "version": "2.2.1",
      "resolved": "https://registry.npmjs.org/@tensorflow-models/posenet/-/posenet-2.2.1.tgz",
      "integrity": "sha512-n9/g6DfjAyrBTf/zt1haRCyWsgALxUCzg9/Ks3Y2mbYavRZVSCSTRPy/qlE5Hr4tLfyckGfDN14zmGTthNcg/g=="
    }
  }
}
